// !$*UTF8*$!
{
	archiveVersion = 1;
	classes = {
	};
	objectVersion = 46;
	objects = {

/* Begin PBXBuildFile section */
		FE2CE20D1D75664A00744E59 /* TableViewController.swift in Sources */ = {isa = PBXBuildFile; fileRef = FE2CE20C1D75664A00744E59 /* TableViewController.swift */; };
		FE8D29571D796EBC005ABEE9 /* DemoTableViewController.swift in Sources */ = {isa = PBXBuildFile; fileRef = FE8D29561D796EBC005ABEE9 /* DemoTableViewController.swift */; };
		FEEAB8791D6FDB6000F72319 /* AppDelegate.swift in Sources */ = {isa = PBXBuildFile; fileRef = FEEAB8781D6FDB6000F72319 /* AppDelegate.swift */; };
		FEEAB87B1D6FDB6000F72319 /* ViewController.swift in Sources */ = {isa = PBXBuildFile; fileRef = FEEAB87A1D6FDB6000F72319 /* ViewController.swift */; };
		FEEAB8801D6FDB6000F72319 /* Assets.xcassets in Resources */ = {isa = PBXBuildFile; fileRef = FEEAB87F1D6FDB6000F72319 /* Assets.xcassets */; };
		FEEAB8831D6FDB6000F72319 /* LaunchScreen.storyboard in Resources */ = {isa = PBXBuildFile; fileRef = FEEAB8811D6FDB6000F72319 /* LaunchScreen.storyboard */; };
		FEEAB88E1D6FDB6000F72319 /* AHPullToRefreshDemoTests.swift in Sources */ = {isa = PBXBuildFile; fileRef = FEEAB88D1D6FDB6000F72319 /* AHPullToRefreshDemoTests.swift */; };
		FEEAB8991D6FDB6000F72319 /* AHPullToRefreshDemoUITests.swift in Sources */ = {isa = PBXBuildFile; fileRef = FEEAB8981D6FDB6000F72319 /* AHPullToRefreshDemoUITests.swift */; };
		FEEAB8AA1D6FDC6500F72319 /* UIScrollView+AHPullToRefresh.swift in Sources */ = {isa = PBXBuildFile; fileRef = FEEAB8A91D6FDC6500F72319 /* UIScrollView+AHPullToRefresh.swift */; };
		FEEAB8AC1D6FE1C400F72319 /* AHRefreshHeader.swift in Sources */ = {isa = PBXBuildFile; fileRef = FEEAB8AB1D6FE1C400F72319 /* AHRefreshHeader.swift */; };
		FEEEF4531D77DDCF0010497A /* AHRefreshTextHeader.swift in Sources */ = {isa = PBXBuildFile; fileRef = FEEEF4521D77DDCF0010497A /* AHRefreshTextHeader.swift */; };
		FEEEF4571D780BF40010497A /* AHRefresh.bundle in Resources */ = {isa = PBXBuildFile; fileRef = FEEEF4561D780BF40010497A /* AHRefresh.bundle */; };
/* End PBXBuildFile section */

/* Begin PBXContainerItemProxy section */
		FEEAB88A1D6FDB6000F72319 /* PBXContainerItemProxy */ = {
			isa = PBXContainerItemProxy;
			containerPortal = FEEAB86D1D6FDB6000F72319 /* Project object */;
			proxyType = 1;
			remoteGlobalIDString = FEEAB8741D6FDB6000F72319;
			remoteInfo = AHPullToRefreshDemo;
		};
		FEEAB8951D6FDB6000F72319 /* PBXContainerItemProxy */ = {
			isa = PBXContainerItemProxy;
			containerPortal = FEEAB86D1D6FDB6000F72319 /* Project object */;
			proxyType = 1;
			remoteGlobalIDString = FEEAB8741D6FDB6000F72319;
			remoteInfo = AHPullToRefreshDemo;
		};
/* End PBXContainerItemProxy section */

/* Begin PBXFileReference section */
		FE2CE20C1D75664A00744E59 /* TableViewController.swift */ = {isa = PBXFileReference; fileEncoding = 4; lastKnownFileType = sourcecode.swift; path = TableViewController.swift; sourceTree = "<group>"; };
		FE8D29561D796EBC005ABEE9 /* DemoTableViewController.swift */ = {isa = PBXFileReference; fileEncoding = 4; lastKnownFileType = sourcecode.swift; path = DemoTableViewController.swift; sourceTree = "<group>"; };
		FEEAB8751D6FDB6000F72319 /* AHPullToRefreshDemo.app */ = {isa = PBXFileReference; explicitFileType = wrapper.application; includeInIndex = 0; path = AHPullToRefreshDemo.app; sourceTree = BUILT_PRODUCTS_DIR; };
		FEEAB8781D6FDB6000F72319 /* AppDelegate.swift */ = {isa = PBXFileReference; lastKnownFileType = sourcecode.swift; path = AppDelegate.swift; sourceTree = "<group>"; };
		FEEAB87A1D6FDB6000F72319 /* ViewController.swift */ = {isa = PBXFileReference; lastKnownFileType = sourcecode.swift; path = ViewController.swift; sourceTree = "<group>"; };
		FEEAB87F1D6FDB6000F72319 /* Assets.xcassets */ = {isa = PBXFileReference; lastKnownFileType = folder.assetcatalog; path = Assets.xcassets; sourceTree = "<group>"; };
		FEEAB8821D6FDB6000F72319 /* Base */ = {isa = PBXFileReference; lastKnownFileType = file.storyboard; name = Base; path = Base.lproj/LaunchScreen.storyboard; sourceTree = "<group>"; };
		FEEAB8841D6FDB6000F72319 /* Info.plist */ = {isa = PBXFileReference; lastKnownFileType = text.plist.xml; path = Info.plist; sourceTree = "<group>"; };
		FEEAB8891D6FDB6000F72319 /* AHPullToRefreshDemoTests.xctest */ = {isa = PBXFileReference; explicitFileType = wrapper.cfbundle; includeInIndex = 0; path = AHPullToRefreshDemoTests.xctest; sourceTree = BUILT_PRODUCTS_DIR; };
		FEEAB88D1D6FDB6000F72319 /* AHPullToRefreshDemoTests.swift */ = {isa = PBXFileReference; lastKnownFileType = sourcecode.swift; path = AHPullToRefreshDemoTests.swift; sourceTree = "<group>"; };
		FEEAB88F1D6FDB6000F72319 /* Info.plist */ = {isa = PBXFileReference; lastKnownFileType = text.plist.xml; path = Info.plist; sourceTree = "<group>"; };
		FEEAB8941D6FDB6000F72319 /* AHPullToRefreshDemoUITests.xctest */ = {isa = PBXFileReference; explicitFileType = wrapper.cfbundle; includeInIndex = 0; path = AHPullToRefreshDemoUITests.xctest; sourceTree = BUILT_PRODUCTS_DIR; };
		FEEAB8981D6FDB6000F72319 /* AHPullToRefreshDemoUITests.swift */ = {isa = PBXFileReference; lastKnownFileType = sourcecode.swift; path = AHPullToRefreshDemoUITests.swift; sourceTree = "<group>"; };
		FEEAB89A1D6FDB6000F72319 /* Info.plist */ = {isa = PBXFileReference; lastKnownFileType = text.plist.xml; path = Info.plist; sourceTree = "<group>"; };
		FEEAB8A91D6FDC6500F72319 /* UIScrollView+AHPullToRefresh.swift */ = {isa = PBXFileReference; fileEncoding = 4; lastKnownFileType = sourcecode.swift; path = "UIScrollView+AHPullToRefresh.swift"; sourceTree = "<group>"; };
		FEEAB8AB1D6FE1C400F72319 /* AHRefreshHeader.swift */ = {isa = PBXFileReference; fileEncoding = 4; lastKnownFileType = sourcecode.swift; path = AHRefreshHeader.swift; sourceTree = "<group>"; };
		FEEEF4521D77DDCF0010497A /* AHRefreshTextHeader.swift */ = {isa = PBXFileReference; fileEncoding = 4; lastKnownFileType = sourcecode.swift; path = AHRefreshTextHeader.swift; sourceTree = "<group>"; };
		FEEEF4561D780BF40010497A /* AHRefresh.bundle */ = {isa = PBXFileReference; lastKnownFileType = "wrapper.plug-in"; path = AHRefresh.bundle; sourceTree = "<group>"; };
/* End PBXFileReference section */

/* Begin PBXFrameworksBuildPhase section */
		FEEAB8721D6FDB6000F72319 /* Frameworks */ = {
			isa = PBXFrameworksBuildPhase;
			buildActionMask = 2147483647;
			files = (
			);
			runOnlyForDeploymentPostprocessing = 0;
		};
		FEEAB8861D6FDB6000F72319 /* Frameworks */ = {
			isa = PBXFrameworksBuildPhase;
			buildActionMask = 2147483647;
			files = (
			);
			runOnlyForDeploymentPostprocessing = 0;
		};
		FEEAB8911D6FDB6000F72319 /* Frameworks */ = {
			isa = PBXFrameworksBuildPhase;
			buildActionMask = 2147483647;
			files = (
			);
			runOnlyForDeploymentPostprocessing = 0;
		};
/* End PBXFrameworksBuildPhase section */

/* Begin PBXGroup section */
		FEEAB86C1D6FDB6000F72319 = {
			isa = PBXGroup;
			children = (
				FEEAB8A61D6FDB7600F72319 /* AHPullToRefresh */,
				FEEAB8771D6FDB6000F72319 /* AHPullToRefreshDemo */,
				FEEAB88C1D6FDB6000F72319 /* AHPullToRefreshDemoTests */,
				FEEAB8971D6FDB6000F72319 /* AHPullToRefreshDemoUITests */,
				FEEAB8761D6FDB6000F72319 /* Products */,
			);
			sourceTree = "<group>";
		};
		FEEAB8761D6FDB6000F72319 /* Products */ = {
			isa = PBXGroup;
			children = (
				FEEAB8751D6FDB6000F72319 /* AHPullToRefreshDemo.app */,
				FEEAB8891D6FDB6000F72319 /* AHPullToRefreshDemoTests.xctest */,
				FEEAB8941D6FDB6000F72319 /* AHPullToRefreshDemoUITests.xctest */,
			);
			name = Products;
			sourceTree = "<group>";
		};
		FEEAB8771D6FDB6000F72319 /* AHPullToRefreshDemo */ = {
			isa = PBXGroup;
			children = (
				FEEEF4511D77D5BC0010497A /* Classes */,
				FEEAB8781D6FDB6000F72319 /* AppDelegate.swift */,
				FEEAB87A1D6FDB6000F72319 /* ViewController.swift */,
				FE2CE20C1D75664A00744E59 /* TableViewController.swift */,
				FEEAB87F1D6FDB6000F72319 /* Assets.xcassets */,
				FEEAB8811D6FDB6000F72319 /* LaunchScreen.storyboard */,
				FEEAB8841D6FDB6000F72319 /* Info.plist */,
			);
			path = AHPullToRefreshDemo;
			sourceTree = "<group>";
		};
		FEEAB88C1D6FDB6000F72319 /* AHPullToRefreshDemoTests */ = {
			isa = PBXGroup;
			children = (
				FEEAB88D1D6FDB6000F72319 /* AHPullToRefreshDemoTests.swift */,
				FEEAB88F1D6FDB6000F72319 /* Info.plist */,
			);
			path = AHPullToRefreshDemoTests;
			sourceTree = "<group>";
		};
		FEEAB8971D6FDB6000F72319 /* AHPullToRefreshDemoUITests */ = {
			isa = PBXGroup;
			children = (
				FEEAB8981D6FDB6000F72319 /* AHPullToRefreshDemoUITests.swift */,
				FEEAB89A1D6FDB6000F72319 /* Info.plist */,
			);
			path = AHPullToRefreshDemoUITests;
			sourceTree = "<group>";
		};
		FEEAB8A61D6FDB7600F72319 /* AHPullToRefresh */ = {
			isa = PBXGroup;
			children = (
				FEEEF4561D780BF40010497A /* AHRefresh.bundle */,
				FEEAB8A91D6FDC6500F72319 /* UIScrollView+AHPullToRefresh.swift */,
				FEEAB8AB1D6FE1C400F72319 /* AHRefreshHeader.swift */,
				FEEEF4521D77DDCF0010497A /* AHRefreshTextHeader.swift */,
			);
			name = AHPullToRefresh;
			path = ../AHPullToRefresh;
			sourceTree = "<group>";
		};
		FEEEF4511D77D5BC0010497A /* Classes */ = {
			isa = PBXGroup;
			children = (
				FE8D29561D796EBC005ABEE9 /* DemoTableViewController.swift */,
			);
			path = Classes;
			sourceTree = "<group>";
		};
/* End PBXGroup section */

/* Begin PBXNativeTarget section */
		FEEAB8741D6FDB6000F72319 /* AHPullToRefreshDemo */ = {
			isa = PBXNativeTarget;
			buildConfigurationList = FEEAB89D1D6FDB6100F72319 /* Build configuration list for PBXNativeTarget "AHPullToRefreshDemo" */;
			buildPhases = (
				FEEAB8711D6FDB6000F72319 /* Sources */,
				FEEAB8721D6FDB6000F72319 /* Frameworks */,
				FEEAB8731D6FDB6000F72319 /* Resources */,
			);
			buildRules = (
			);
			dependencies = (
			);
			name = AHPullToRefreshDemo;
			productName = AHPullToRefreshDemo;
			productReference = FEEAB8751D6FDB6000F72319 /* AHPullToRefreshDemo.app */;
			productType = "com.apple.product-type.application";
		};
		FEEAB8881D6FDB6000F72319 /* AHPullToRefreshDemoTests */ = {
			isa = PBXNativeTarget;
			buildConfigurationList = FEEAB8A01D6FDB6100F72319 /* Build configuration list for PBXNativeTarget "AHPullToRefreshDemoTests" */;
			buildPhases = (
				FEEAB8851D6FDB6000F72319 /* Sources */,
				FEEAB8861D6FDB6000F72319 /* Frameworks */,
				FEEAB8871D6FDB6000F72319 /* Resources */,
			);
			buildRules = (
			);
			dependencies = (
				FEEAB88B1D6FDB6000F72319 /* PBXTargetDependency */,
			);
			name = AHPullToRefreshDemoTests;
			productName = AHPullToRefreshDemoTests;
			productReference = FEEAB8891D6FDB6000F72319 /* AHPullToRefreshDemoTests.xctest */;
			productType = "com.apple.product-type.bundle.unit-test";
		};
		FEEAB8931D6FDB6000F72319 /* AHPullToRefreshDemoUITests */ = {
			isa = PBXNativeTarget;
			buildConfigurationList = FEEAB8A31D6FDB6100F72319 /* Build configuration list for PBXNativeTarget "AHPullToRefreshDemoUITests" */;
			buildPhases = (
				FEEAB8901D6FDB6000F72319 /* Sources */,
				FEEAB8911D6FDB6000F72319 /* Frameworks */,
				FEEAB8921D6FDB6000F72319 /* Resources */,
			);
			buildRules = (
			);
			dependencies = (
				FEEAB8961D6FDB6000F72319 /* PBXTargetDependency */,
			);
			name = AHPullToRefreshDemoUITests;
			productName = AHPullToRefreshDemoUITests;
			productReference = FEEAB8941D6FDB6000F72319 /* AHPullToRefreshDemoUITests.xctest */;
			productType = "com.apple.product-type.bundle.ui-testing";
		};
/* End PBXNativeTarget section */

/* Begin PBXProject section */
		FEEAB86D1D6FDB6000F72319 /* Project object */ = {
			isa = PBXProject;
			attributes = {
				LastSwiftUpdateCheck = 0730;
				LastUpgradeCheck = 0730;
				ORGANIZATIONNAME = Aalen;
				TargetAttributes = {
					FEEAB8741D6FDB6000F72319 = {
						CreatedOnToolsVersion = 7.3;
						LastSwiftMigration = 0830;
					};
					FEEAB8881D6FDB6000F72319 = {
						CreatedOnToolsVersion = 7.3;
						LastSwiftMigration = 0830;
						TestTargetID = FEEAB8741D6FDB6000F72319;
					};
					FEEAB8931D6FDB6000F72319 = {
						CreatedOnToolsVersion = 7.3;
						LastSwiftMigration = 0830;
						TestTargetID = FEEAB8741D6FDB6000F72319;
					};
				};
			};
			buildConfigurationList = FEEAB8701D6FDB6000F72319 /* Build configuration list for PBXProject "AHPullToRefreshDemo" */;
			compatibilityVersion = "Xcode 3.2";
			developmentRegion = English;
			hasScannedForEncodings = 0;
			knownRegions = (
				en,
				Base,
			);
			mainGroup = FEEAB86C1D6FDB6000F72319;
			productRefGroup = FEEAB8761D6FDB6000F72319 /* Products */;
			projectDirPath = "";
			projectRoot = "";
			targets = (
				FEEAB8741D6FDB6000F72319 /* AHPullToRefreshDemo */,
				FEEAB8881D6FDB6000F72319 /* AHPullToRefreshDemoTests */,
				FEEAB8931D6FDB6000F72319 /* AHPullToRefreshDemoUITests */,
			);
		};
/* End PBXProject section */

/* Begin PBXResourcesBuildPhase section */
		FEEAB8731D6FDB6000F72319 /* Resources */ = {
			isa = PBXResourcesBuildPhase;
			buildActionMask = 2147483647;
			files = (
				FEEAB8831D6FDB6000F72319 /* LaunchScreen.storyboard in Resources */,
				FEEAB8801D6FDB6000F72319 /* Assets.xcassets in Resources */,
				FEEEF4571D780BF40010497A /* AHRefresh.bundle in Resources */,
			);
			runOnlyForDeploymentPostprocessing = 0;
		};
		FEEAB8871D6FDB6000F72319 /* Resources */ = {
			isa = PBXResourcesBuildPhase;
			buildActionMask = 2147483647;
			files = (
			);
			runOnlyForDeploymentPostprocessing = 0;
		};
		FEEAB8921D6FDB6000F72319 /* Resources */ = {
			isa = PBXResourcesBuildPhase;
			buildActionMask = 2147483647;
			files = (
			);
			runOnlyForDeploymentPostprocessing = 0;
		};
/* End PBXResourcesBuildPhase section */

/* Begin PBXSourcesBuildPhase section */
		FEEAB8711D6FDB6000F72319 /* Sources */ = {
			isa = PBXSourcesBuildPhase;
			buildActionMask = 2147483647;
			files = (
				FEEEF4531D77DDCF0010497A /* AHRefreshTextHeader.swift in Sources */,
				FEEAB8AC1D6FE1C400F72319 /* AHRefreshHeader.swift in Sources */,
				FEEAB8AA1D6FDC6500F72319 /* UIScrollView+AHPullToRefresh.swift in Sources */,
				FEEAB87B1D6FDB6000F72319 /* ViewController.swift in Sources */,
				FE8D29571D796EBC005ABEE9 /* DemoTableViewController.swift in Sources */,
				FE2CE20D1D75664A00744E59 /* TableViewController.swift in Sources */,
				FEEAB8791D6FDB6000F72319 /* AppDelegate.swift in Sources */,
			);
			runOnlyForDeploymentPostprocessing = 0;
		};
		FEEAB8851D6FDB6000F72319 /* Sources */ = {
			isa = PBXSourcesBuildPhase;
			buildActionMask = 2147483647;
			files = (
				FEEAB88E1D6FDB6000F72319 /* AHPullToRefreshDemoTests.swift in Sources */,
			);
			runOnlyForDeploymentPostprocessing = 0;
		};
		FEEAB8901D6FDB6000F72319 /* Sources */ = {
			isa = PBXSourcesBuildPhase;
			buildActionMask = 2147483647;
			files = (
				FEEAB8991D6FDB6000F72319 /* AHPullToRefreshDemoUITests.swift in Sources */,
			);
			runOnlyForDeploymentPostprocessing = 0;
		};
/* End PBXSourcesBuildPhase section */

/* Begin PBXTargetDependency section */
		FEEAB88B1D6FDB6000F72319 /* PBXTargetDependency */ = {
			isa = PBXTargetDependency;
			target = FEEAB8741D6FDB6000F72319 /* AHPullToRefreshDemo */;
			targetProxy = FEEAB88A1D6FDB6000F72319 /* PBXContainerItemProxy */;
		};
		FEEAB8961D6FDB6000F72319 /* PBXTargetDependency */ = {
			isa = PBXTargetDependency;
			target = FEEAB8741D6FDB6000F72319 /* AHPullToRefreshDemo */;
			targetProxy = FEEAB8951D6FDB6000F72319 /* PBXContainerItemProxy */;
		};
/* End PBXTargetDependency section */

/* Begin PBXVariantGroup section */
		FEEAB8811D6FDB6000F72319 /* LaunchScreen.storyboard */ = {
			isa = PBXVariantGroup;
			children = (
				FEEAB8821D6FDB6000F72319 /* Base */,
			);
			name = LaunchScreen.storyboard;
			sourceTree = "<group>";
		};
/* End PBXVariantGroup section */

/* Begin XCBuildConfiguration section */
		FEEAB89B1D6FDB6100F72319 /* Debug */ = {
			isa = XCBuildConfiguration;
			buildSettings = {
				ALWAYS_SEARCH_USER_PATHS = NO;
				CLANG_ANALYZER_NONNULL = YES;
				CLANG_CXX_LANGUAGE_STANDARD = "gnu++0x";
				CLANG_CXX_LIBRARY = "libc++";
				CLANG_ENABLE_MODULES = YES;
				CLANG_ENABLE_OBJC_ARC = YES;
				CLANG_WARN_BOOL_CONVERSION = YES;
				CLANG_WARN_CONSTANT_CONVERSION = YES;
				CLANG_WARN_DIRECT_OBJC_ISA_USAGE = YES_ERROR;
				CLANG_WARN_EMPTY_BODY = YES;
				CLANG_WARN_ENUM_CONVERSION = YES;
				CLANG_WARN_INT_CONVERSION = YES;
				CLANG_WARN_OBJC_ROOT_CLASS = YES_ERROR;
				CLANG_WARN_UNREACHABLE_CODE = YES;
				CLANG_WARN__DUPLICATE_METHOD_MATCH = YES;
				"CODE_SIGN_IDENTITY[sdk=iphoneos*]" = "iPhone Developer";
				COPY_PHASE_STRIP = NO;
				DEBUG_INFORMATION_FORMAT = dwarf;
				ENABLE_STRICT_OBJC_MSGSEND = YES;
				ENABLE_TESTABILITY = YES;
				GCC_C_LANGUAGE_STANDARD = gnu99;
				GCC_DYNAMIC_NO_PIC = NO;
				GCC_NO_COMMON_BLOCKS = YES;
				GCC_OPTIMIZATION_LEVEL = 0;
				GCC_PREPROCESSOR_DEFINITIONS = (
					"DEBUG=1",
					"$(inherited)",
				);
				GCC_WARN_64_TO_32_BIT_CONVERSION = YES;
				GCC_WARN_ABOUT_RETURN_TYPE = YES_ERROR;
				GCC_WARN_UNDECLARED_SELECTOR = YES;
				GCC_WARN_UNINITIALIZED_AUTOS = YES_AGGRESSIVE;
				GCC_WARN_UNUSED_FUNCTION = YES;
				GCC_WARN_UNUSED_VARIABLE = YES;
				IPHONEOS_DEPLOYMENT_TARGET = 9.3;
				MTL_ENABLE_DEBUG_INFO = YES;
				ONLY_ACTIVE_ARCH = YES;
				SDKROOT = iphoneos;
				SWIFT_OPTIMIZATION_LEVEL = "-Onone";
				TARGETED_DEVICE_FAMILY = "1,2";
			};
			name = Debug;
		};
		FEEAB89C1D6FDB6100F72319 /* Release */ = {
			isa = XCBuildConfiguration;
			buildSettings = {
				ALWAYS_SEARCH_USER_PATHS = NO;
				CLANG_ANALYZER_NONNULL = YES;
				CLANG_CXX_LANGUAGE_STANDARD = "gnu++0x";
				CLANG_CXX_LIBRARY = "libc++";
				CLANG_ENABLE_MODULES = YES;
				CLANG_ENABLE_OBJC_ARC = YES;
				CLANG_WARN_BOOL_CONVERSION = YES;
				CLANG_WARN_CONSTANT_CONVERSION = YES;
				CLANG_WARN_DIRECT_OBJC_ISA_USAGE = YES_ERROR;
				CLANG_WARN_EMPTY_BODY = YES;
				CLANG_WARN_ENUM_CONVERSION = YES;
				CLANG_WARN_INT_CONVERSION = YES;
				CLANG_WARN_OBJC_ROOT_CLASS = YES_ERROR;
				CLANG_WARN_UNREACHABLE_CODE = YES;
				CLANG_WARN__DUPLICATE_METHOD_MATCH = YES;
				"CODE_SIGN_IDENTITY[sdk=iphoneos*]" = "iPhone Developer";
				COPY_PHASE_STRIP = NO;
				DEBUG_INFORMATION_FORMAT = "dwarf-with-dsym";
				ENABLE_NS_ASSERTIONS = NO;
				ENABLE_STRICT_OBJC_MSGSEND = YES;
				GCC_C_LANGUAGE_STANDARD = gnu99;
				GCC_NO_COMMON_BLOCKS = YES;
				GCC_WARN_64_TO_32_BIT_CONVERSION = YES;
				GCC_WARN_ABOUT_RETURN_TYPE = YES_ERROR;
				GCC_WARN_UNDECLARED_SELECTOR = YES;
				GCC_WARN_UNINITIALIZED_AUTOS = YES_AGGRESSIVE;
				GCC_WARN_UNUSED_FUNCTION = YES;
				GCC_WARN_UNUSED_VARIABLE = YES;
				IPHONEOS_DEPLOYMENT_TARGET = 9.3;
				MTL_ENABLE_DEBUG_INFO = NO;
				SDKROOT = iphoneos;
				TARGETED_DEVICE_FAMILY = "1,2";
				VALIDATE_PRODUCT = YES;
			};
			name = Release;
		};
		FEEAB89E1D6FDB6100F72319 /* Debug */ = {
			isa = XCBuildConfiguration;
			buildSettings = {
				ASSETCATALOG_COMPILER_APPICON_NAME = AppIcon;
				INFOPLIST_FILE = AHPullToRefreshDemo/Info.plist;
				LD_RUNPATH_SEARCH_PATHS = "$(inherited) @executable_path/Frameworks";
				PRODUCT_BUNDLE_IDENTIFIER = com.Aalen.AHPullToRefreshDemo;
				PRODUCT_NAME = "$(TARGET_NAME)";
				SWIFT_VERSION = 3.0;
			};
			name = Debug;
		};
		FEEAB89F1D6FDB6100F72319 /* Release */ = {
			isa = XCBuildConfiguration;
			buildSettings = {
				ASSETCATALOG_COMPILER_APPICON_NAME = AppIcon;
				INFOPLIST_FILE = AHPullToRefreshDemo/Info.plist;
				LD_RUNPATH_SEARCH_PATHS = "$(inherited) @executable_path/Frameworks";
				PRODUCT_BUNDLE_IDENTIFIER = com.Aalen.AHPullToRefreshDemo;
				PRODUCT_NAME = "$(TARGET_NAME)";
				SWIFT_VERSION = 3.0;
			};
			name = Release;
		};
		FEEAB8A11D6FDB6100F72319 /* Debug */ = {
			isa = XCBuildConfiguration;
			buildSettings = {
				BUNDLE_LOADER = "$(TEST_HOST)";
				INFOPLIST_FILE = AHPullToRefreshDemoTests/Info.plist;
				LD_RUNPATH_SEARCH_PATHS = "$(inherited) @executable_path/Frameworks @loader_path/Frameworks";
				PRODUCT_BUNDLE_IDENTIFIER = com.Aalen.AHPullToRefreshDemoTests;
				PRODUCT_NAME = "$(TARGET_NAME)";
				SWIFT_VERSION = 3.0;
				TEST_HOST = "$(BUILT_PRODUCTS_DIR)/AHPullToRefreshDemo.app/AHPullToRefreshDemo";
			};
			name = Debug;
		};
		FEEAB8A21D6FDB6100F72319 /* Release */ = {
			isa = XCBuildConfiguration;
			buildSettings = {
				BUNDLE_LOADER = "$(TEST_HOST)";
				INFOPLIST_FILE = AHPullToRefreshDemoTests/Info.plist;
				LD_RUNPATH_SEARCH_PATHS = "$(inherited) @executable_path/Frameworks @loader_path/Frameworks";
				PRODUCT_BUNDLE_IDENTIFIER = com.Aalen.AHPullToRefreshDemoTests;
				PRODUCT_NAME = "$(TARGET_NAME)";
				SWIFT_VERSION = 3.0;
				TEST_HOST = "$(BUILT_PRODUCTS_DIR)/AHPullToRefreshDemo.app/AHPullToRefreshDemo";
			};
			name = Release;
		};
		FEEAB8A41D6FDB6100F72319 /* Debug */ = {
			isa = XCBuildConfiguration;
			buildSettings = {
				INFOPLIST_FILE = AHPullToRefreshDemoUITests/Info.plist;
				LD_RUNPATH_SEARCH_PATHS = "$(inherited) @executable_path/Frameworks @loader_path/Frameworks";
				PRODUCT_BUNDLE_IDENTIFIER = com.Aalen.AHPullToRefreshDemoUITests;
				PRODUCT_NAME = "$(TARGET_NAME)";
				SWIFT_VERSION = 3.0;
				TEST_TARGET_NAME = AHPullToRefreshDemo;
			};
			name = Debug;
		};
		FEEAB8A51D6FDB6100F72319 /* Release */ = {
			isa = XCBuildConfiguration;
			buildSettings = {
				INFOPLIST_FILE = AHPullToRefreshDemoUITests/Info.plist;
				LD_RUNPATH_SEARCH_PATHS = "$(inherited) @executable_path/Frameworks @loader_path/Frameworks";
				PRODUCT_BUNDLE_IDENTIFIER = com.Aalen.AHPullToRefreshDemoUITests;
				PRODUCT_NAME = "$(TARGET_NAME)";
				SWIFT_VERSION = 3.0;
				TEST_TARGET_NAME = AHPullToRefreshDemo;
			};
			name = Release;
		};
/* End XCBuildConfiguration section */

/* Begin XCConfigurationList section */
		FEEAB8701D6FDB6000F72319 /* Build configuration list for PBXProject "AHPullToRefreshDemo" */ = {
			isa = XCConfigurationList;
			buildConfigurations = (
				FEEAB89B1D6FDB6100F72319 /* Debug */,
				FEEAB89C1D6FDB6100F72319 /* Release */,
			);
			defaultConfigurationIsVisible = 0;
			defaultConfigurationName = Release;
		};
		FEEAB89D1D6FDB6100F72319 /* Build configuration list for PBXNativeTarget "AHPullToRefreshDemo" */ = {
			isa = XCConfigurationList;
			buildConfigurations = (
				FEEAB89E1D6FDB6100F72319 /* Debug */,
				FEEAB89F1D6FDB6100F72319 /* Release */,
			);
			defaultConfigurationIsVisible = 0;
			defaultConfigurationName = Release;
		};
		FEEAB8A01D6FDB6100F72319 /* Build configuration list for PBXNativeTarget "AHPullToRefreshDemoTests" */ = {
			isa = XCConfigurationList;
			buildConfigurations = (
				FEEAB8A11D6FDB6100F72319 /* Debug */,
				FEEAB8A21D6FDB6100F72319 /* Release */,
			);
			defaultConfigurationIsVisible = 0;
			defaultConfigurationName = Release;
		};
		FEEAB8A31D6FDB6100F72319 /* Build configuration list for PBXNativeTarget "AHPullToRefreshDemoUITests" */ = {
			isa = XCConfigurationList;
			buildConfigurations = (
				FEEAB8A41D6FDB6100F72319 /* Debug */,
				FEEAB8A51D6FDB6100F72319 /* Release */,
			);
			defaultConfigurationIsVisible = 0;
			defaultConfigurationName = Release;
		};
/* End XCConfigurationList section */
	};
	rootObject = FEEAB86D1D6FDB6000F72319 /* Project object */;
}
